
Microsoft Visual Studio Solution File, Format Version 12.00
# Visual Studio Version 16
VisualStudioVersion = 16.0.31529.145
MinimumVisualStudioVersion = 10.0.40219.1
Project("{9A19103F-16F7-4668-BE54-9A1E7A4F7556}") = "MeetingAVFilter", "MeetingAVFilter\MeetingAVFilter.csproj", "{8BB4E740-A247-4BA2-A535-5ABEBFB9EAAF}"
EndProject
Global
	GlobalSection(SolutionConfigurationPlatforms) = preSolution
		Debug|Any CPU = Debug|Any CPU
		Release|Any CPU = Release|Any CPU
	EndGlobalSection
	GlobalSection(ProjectConfigurationPlatforms) = postSolution
		{8BB4E740-A247-4BA2-A535-5ABEBFB9EAAF}.Debug|Any CPU.ActiveCfg = Debug|Any CPU
		{8BB4E740-A247-4BA2-A535-5ABEBFB9EAAF}.Debug|Any CPU.Build.0 = Debug|Any CPU
		{8BB4E740-A247-4BA2-A535-5ABEBFB9EAAF}.Release|Any CPU.ActiveCfg = Release|Any CPU
		{8BB4E740-A247-4BA2-A535-5ABEBFB9EAAF}.Release|Any CPU.Build.0 = Release|Any CPU
	EndGlobalSection
	GlobalSection(SolutionProperties) = preSolution
		HideSolutionNode = FALSE
	EndGlobalSection
	GlobalSection(ExtensibilityGlobals) = postSolution
		SolutionGuid = {1546F593-46BD-4110-B55A-D3315812919E}
	EndGlobalSection
EndGlobal
