
Microsoft Visual Studio Solution File, Format Version 12.00
# Visual Studio Version 16
VisualStudioVersion = 16.0.29102.190
MinimumVisualStudioVersion = 10.0.40219.1
Project("{FAE04EC0-301F-11D3-BF4B-00C04F79EFBC}") = "PersonalTab", "PersonalTab.csproj", "{A53AD4E6-A1E6-400F-8D01-681D37DF5AE2}"
EndProject
Global
	GlobalSection(SolutionConfigurationPlatforms) = preSolution
		Debug|Any CPU = Debug|Any CPU
		Release|Any CPU = Release|Any CPU
	EndGlobalSection
	GlobalSection(ProjectConfigurationPlatforms) = postSolution
		{A53AD4E6-A1E6-400F-8D01-681D37DF5AE2}.Debug|Any CPU.ActiveCfg = Debug|Any CPU
		{A53AD4E6-A1E6-400F-8D01-681D37DF5AE2}.Debug|Any CPU.Build.0 = Debug|Any CPU
		{A53AD4E6-A1E6-400F-8D01-681D37DF5AE2}.Release|Any CPU.ActiveCfg = Release|Any CPU
		{A53AD4E6-A1E6-400F-8D01-681D37DF5AE2}.Release|Any CPU.Build.0 = Release|Any CPU
	EndGlobalSection
	GlobalSection(SolutionProperties) = preSolution
		HideSolutionNode = FALSE
	EndGlobalSection
	GlobalSection(ExtensibilityGlobals) = postSolution
		SolutionGuid = {E3E84D44-1F31-47E5-B1A6-4B2265881367}
	EndGlobalSection
EndGlobal
