
Microsoft Visual Studio Solution File, Format Version 12.00
# Visual Studio Version 17
VisualStudioVersion = 17.13.35806.99 d17.13
MinimumVisualStudioVersion = 10.0.40219.1
Project("{FAE04EC0-301F-11D3-BF4B-00C04F79EFBC}") = "MessageReaction", "MessageReaction\MessageReaction.csproj", "{ABC85E03-2420-115A-7FC4-16638E84561F}"
EndProject
Project("{A9E3F50B-275E-4AF7-ADCE-8BE12D41E305}") = "TeamsApp", "TeamsApp\TeamsApp.ttkproj", "{3DF7DBBF-6757-C96E-D6EC-3928332DA9E0}"
EndProject
Global
	GlobalSection(SolutionConfigurationPlatforms) = preSolution
		Debug|Any CPU = Debug|Any CPU
		Release|Any CPU = Release|Any CPU
	EndGlobalSection
	GlobalSection(ProjectConfigurationPlatforms) = postSolution
		{ABC85E03-2420-115A-7FC4-16638E84561F}.Debug|Any CPU.ActiveCfg = Debug|Any CPU
		{ABC85E03-2420-115A-7FC4-16638E84561F}.Debug|Any CPU.Build.0 = Debug|Any CPU
		{ABC85E03-2420-115A-7FC4-16638E84561F}.Release|Any CPU.ActiveCfg = Release|Any CPU
		{ABC85E03-2420-115A-7FC4-16638E84561F}.Release|Any CPU.Build.0 = Release|Any CPU
		{3DF7DBBF-6757-C96E-D6EC-3928332DA9E0}.Debug|Any CPU.ActiveCfg = Debug|Any CPU
		{3DF7DBBF-6757-C96E-D6EC-3928332DA9E0}.Debug|Any CPU.Build.0 = Debug|Any CPU
		{3DF7DBBF-6757-C96E-D6EC-3928332DA9E0}.Release|Any CPU.ActiveCfg = Release|Any CPU
		{3DF7DBBF-6757-C96E-D6EC-3928332DA9E0}.Release|Any CPU.Build.0 = Release|Any CPU
	EndGlobalSection
	GlobalSection(SolutionProperties) = preSolution
		HideSolutionNode = FALSE
	EndGlobalSection
	GlobalSection(ExtensibilityGlobals) = postSolution
		SolutionGuid = {6883B0E0-F90A-405D-B6E5-A12F868A7E20}
	EndGlobalSection
EndGlobal
