
Microsoft Visual Studio Solution File, Format Version 12.00
# Visual Studio Version 17
VisualStudioVersion = 17.13.35617.110
MinimumVisualStudioVersion = 10.0.40219.1
Project("{A9E3F50B-275E-4AF7-ADCE-8BE12D41E305}") = "M365Agent", "M365Agent\M365Agent.ttkproj", "{8BDE6D89-0356-41BD-BE9C-F5542334F49A}"
EndProject
Project("{FAE04EC0-301F-11D3-BF4B-00C04F79EFBC}") = "TeamsStartNewThreadInTeam", "TeamsStartNewThreadInTeam\TeamsStartNewThreadInTeam.csproj", "{A1AE59BA-FABF-AA4F-C680-041616E6C629}"
EndProject
Project("{2150E333-8FDC-42A3-9474-1A3956D46DE8}") = "Solution Items", "Solution Items", "{8EC462FD-D22E-90A8-E5CE-7E832BA40C5D}"
	ProjectSection(SolutionItems) = preProject
		TeamsStartNewThreadInTeam.slnLaunch.user = TeamsStartNewThreadInTeam.slnLaunch.user
	EndProjectSection
EndProject
Global
	GlobalSection(SolutionConfigurationPlatforms) = preSolution
		Debug|Any CPU = Debug|Any CPU
		Release|Any CPU = Release|Any CPU
	EndGlobalSection
	GlobalSection(ProjectConfigurationPlatforms) = postSolution
		{8BDE6D89-0356-41BD-BE9C-F5542334F49A}.Debug|Any CPU.ActiveCfg = Debug|Any CPU
		{8BDE6D89-0356-41BD-BE9C-F5542334F49A}.Debug|Any CPU.Build.0 = Debug|Any CPU
		{8BDE6D89-0356-41BD-BE9C-F5542334F49A}.Debug|Any CPU.Deploy.0 = Debug|Any CPU
		{8BDE6D89-0356-41BD-BE9C-F5542334F49A}.Release|Any CPU.ActiveCfg = Release|Any CPU
		{8BDE6D89-0356-41BD-BE9C-F5542334F49A}.Release|Any CPU.Build.0 = Release|Any CPU
		{A1AE59BA-FABF-AA4F-C680-041616E6C629}.Debug|Any CPU.ActiveCfg = Debug|Any CPU
		{A1AE59BA-FABF-AA4F-C680-041616E6C629}.Debug|Any CPU.Build.0 = Debug|Any CPU
		{A1AE59BA-FABF-AA4F-C680-041616E6C629}.Debug|Any CPU.Deploy.0 = Debug|Any CPU
		{A1AE59BA-FABF-AA4F-C680-041616E6C629}.Release|Any CPU.ActiveCfg = Release|Any CPU
		{A1AE59BA-FABF-AA4F-C680-041616E6C629}.Release|Any CPU.Build.0 = Release|Any CPU
		{A1AE59BA-FABF-AA4F-C680-041616E6C629}.Release|Any CPU.Deploy.0 = Release|Any CPU
	EndGlobalSection
	GlobalSection(SolutionProperties) = preSolution
		HideSolutionNode = FALSE
	EndGlobalSection
	GlobalSection(ExtensibilityGlobals) = postSolution
		SolutionGuid = {F92EE6F7-198F-45B6-B73A-6F58CB54A04D}
	EndGlobalSection
EndGlobal
