
Microsoft Visual Studio Solution File, Format Version 12.00
# Visual Studio Version 17
VisualStudioVersion = 17.0.31612.314
MinimumVisualStudioVersion = 10.0.40219.1
Project("{9A19103F-16F7-4668-BE54-9A1E7A4F7556}") = "TeamsTalentMgmtAppV6", "src\TeamsTalentMgmtAppV6.csproj", "{61B21EF6-BFED-4513-8DDD-3D451E5A2083}"
EndProject
Project("{2150E333-8FDC-42A3-9474-1A3956D46DE8}") = "src", "src", "{9647B7AF-D1AD-42B7-A9B0-DEEA262EE39A}"
EndProject
Project("{2150E333-8FDC-42A3-9474-1A3956D46DE8}") = "solution items", "solution items", "{48E2089E-BE34-407E-B1A8-25E39B5DECA5}"
	ProjectSection(SolutionItems) = preProject
		.gitignore = .gitignore
		manifest\color_icon.png = manifest\color_icon.png
		..\LICENSE = ..\LICENSE
		NuGet.Config = NuGet.Config
		manifest\outline_icon.png = manifest\outline_icon.png
		..\README.md = ..\README.md
	EndProjectSection
EndProject
Global
	GlobalSection(SolutionConfigurationPlatforms) = preSolution
		Debug|Any CPU = Debug|Any CPU
		Release|Any CPU = Release|Any CPU
	EndGlobalSection
	GlobalSection(ProjectConfigurationPlatforms) = postSolution
		{61B21EF6-BFED-4513-8DDD-3D451E5A2083}.Debug|Any CPU.ActiveCfg = Debug|Any CPU
		{61B21EF6-BFED-4513-8DDD-3D451E5A2083}.Debug|Any CPU.Build.0 = Debug|Any CPU
		{61B21EF6-BFED-4513-8DDD-3D451E5A2083}.Release|Any CPU.ActiveCfg = Release|Any CPU
		{61B21EF6-BFED-4513-8DDD-3D451E5A2083}.Release|Any CPU.Build.0 = Release|Any CPU
	EndGlobalSection
	GlobalSection(SolutionProperties) = preSolution
		HideSolutionNode = FALSE
	EndGlobalSection
	GlobalSection(NestedProjects) = preSolution
		{61B21EF6-BFED-4513-8DDD-3D451E5A2083} = {9647B7AF-D1AD-42B7-A9B0-DEEA262EE39A}
	EndGlobalSection
	GlobalSection(ExtensibilityGlobals) = postSolution
		SolutionGuid = {9C4239D8-BC7C-42FA-A5EB-BC2EDA8A78F1}
	EndGlobalSection
EndGlobal
