{
  "name": "supporttickets-teams-tab",
  "lockfileVersion": 2,
  "requires": true,
  "packages": {
    "": {
      "dependencies": {
        "idb": "^7.1.1",
        "uuid": "^9.0.1"
      }
    },
    "node_modules/idb": {
      "version": "7.1.1",
      "resolved": "https://domoreexp.pkgs.visualstudio.com/_packaging/npm-mirror/npm/registry/idb/-/idb-7.1.1.tgz",
      "integrity": "sha1-2RDe2GbTLHztm+/Fv9829XLO1ys=",
      "license": "ISC"
    },
    "node_modules/uuid": {
      "version": "9.0.1",
      "resolved": "https://domoreexp.pkgs.visualstudio.com/_packaging/npm-mirror/npm/registry/uuid/-/uuid-9.0.1.tgz",
      "integrity": "sha1-4YjUyIU8xyIiA5LEJM1jfzIpPzA=",
      "funding": [
        "https://github.com/sponsors/broofa",
        "https://github.com/sponsors/ctavan"
      ],
      "license": "MIT",
      "bin": {
        "uuid": "dist/bin/uuid"
      }
    }
  },
  "dependencies": {
    "idb": {
      "version": "7.1.1",
      "resolved": "https://domoreexp.pkgs.visualstudio.com/_packaging/npm-mirror/npm/registry/idb/-/idb-7.1.1.tgz",
      "integrity": "sha1-2RDe2GbTLHztm+/Fv9829XLO1ys="
    },
    "uuid": {
      "version": "9.0.1",
      "resolved": "https://domoreexp.pkgs.visualstudio.com/_packaging/npm-mirror/npm/registry/uuid/-/uuid-9.0.1.tgz",
      "integrity": "sha1-4YjUyIU8xyIiA5LEJM1jfzIpPzA="
    }
  }
}
