
Microsoft Visual Studio Solution File, Format Version 12.00
# Visual Studio Version 16
VisualStudioVersion = 16.0.31129.286
MinimumVisualStudioVersion = 10.0.40219.1
Project("{FAE04EC0-301F-11D3-BF4B-00C04F79EFBC}") = "Tabs", "TabToolkit\Tabs\Tabs.csproj", "{055608BD-FCF1-41EC-B2EA-ED3295C9572E}"
EndProject
Project("{2150E333-8FDC-42A3-9474-1A3956D46DE8}") = ".publish", ".publish", "{C3E4C446-FAFC-466A-B942-288750093C42}"
	ProjectSection(SolutionItems) = preProject
		TabToolkit\.publish\color.png = TabToolkit\.publish\color.png
		TabToolkit\.publish\development.json = TabToolkit\.publish\development.json
		TabToolkit\.publish\outline.png = TabToolkit\.publish\outline.png
		TabToolkit\.publish\production.json = TabToolkit\.publish\production.json
		TabToolkit\.publish\README.md = TabToolkit\.publish\README.md
	EndProjectSection
EndProject
Global
	GlobalSection(SolutionConfigurationPlatforms) = preSolution
		Debug|Any CPU = Debug|Any CPU
		Deploy|Any CPU = Deploy|Any CPU
		Release|Any CPU = Release|Any CPU
	EndGlobalSection
	GlobalSection(ProjectConfigurationPlatforms) = postSolution
		{055608BD-FCF1-41EC-B2EA-ED3295C9572E}.Debug|Any CPU.ActiveCfg = Debug|Any CPU
		{055608BD-FCF1-41EC-B2EA-ED3295C9572E}.Debug|Any CPU.Build.0 = Debug|Any CPU
		{055608BD-FCF1-41EC-B2EA-ED3295C9572E}.Deploy|Any CPU.ActiveCfg = Deploy|Any CPU
		{055608BD-FCF1-41EC-B2EA-ED3295C9572E}.Deploy|Any CPU.Build.0 = Deploy|Any CPU
		{055608BD-FCF1-41EC-B2EA-ED3295C9572E}.Release|Any CPU.ActiveCfg = Release|Any CPU
		{055608BD-FCF1-41EC-B2EA-ED3295C9572E}.Release|Any CPU.Build.0 = Release|Any CPU
	EndGlobalSection
	GlobalSection(SolutionProperties) = preSolution
		HideSolutionNode = FALSE
	EndGlobalSection
	GlobalSection(ExtensibilityGlobals) = postSolution
		SolutionGuid = {C93A7B0C-8058-467B-959C-CD7FEF7EEED1}
	EndGlobalSection
EndGlobal
