
Microsoft Visual Studio Solution File, Format Version 12.00
# Visual Studio Version 16
VisualStudioVersion = 16.0.31402.337
MinimumVisualStudioVersion = 10.0.40219.1
Project("{FAE04EC0-301F-11D3-BF4B-00C04F79EFBC}") = "MeetingEventsCallingBot", "MeetingEventsCallingBot.csproj", "{39ECED35-4D82-44EB-A17B-48D758EC87B4}"
EndProject
Global
	GlobalSection(SolutionConfigurationPlatforms) = preSolution
		Debug|Any CPU = Debug|Any CPU
		Release|Any CPU = Release|Any CPU
	EndGlobalSection
	GlobalSection(ProjectConfigurationPlatforms) = postSolution
		{39ECED35-4D82-44EB-A17B-48D758EC87B4}.Debug|Any CPU.ActiveCfg = Debug|Any CPU
		{39ECED35-4D82-44EB-A17B-48D758EC87B4}.Debug|Any CPU.Build.0 = Debug|Any CPU
		{39ECED35-4D82-44EB-A17B-48D758EC87B4}.Release|Any CPU.ActiveCfg = Release|Any CPU
		{39ECED35-4D82-44EB-A17B-48D758EC87B4}.Release|Any CPU.Build.0 = Release|Any CPU
	EndGlobalSection
	GlobalSection(SolutionProperties) = preSolution
		HideSolutionNode = FALSE
	EndGlobalSection
	GlobalSection(ExtensibilityGlobals) = postSolution
		SolutionGuid = {4A2326E1-7229-4DFE-90A9-9FC989E7D7C4}
	EndGlobalSection
EndGlobal
