{
  "name": "package.json",
  "version": "1.0.0",
  "lockfileVersion": 2,
  "requires": true,
  "packages": {
    "": {
      "name": "package.json",
      "version": "1.0.0",
      "license": "ISC",
      "dependencies": {
        "esbuild": "^0.18.1"
      }
    },
    "node_modules/@esbuild/android-arm": {
      "version": "0.18.5",
      "resolved": "https://registry.npmjs.org/@esbuild/android-arm/-/android-arm-0.18.5.tgz",
      "integrity": "sha512-+8GXQzuASxGg/rb47Z5zJe3vjOfL7RRce/DILuk6kbB/8HO0p3CPo72CbR349P2K8YP1h5NvNqU+2GDRbNJylw==",
      "cpu": [
        "arm"
      ],
      "optional": true,
      "os": [
        "android"
      ],
      "engines": {
        "node": ">=12"
      }
    },
    "node_modules/@esbuild/android-arm64": {
      "version": "0.18.5",
      "resolved": "https://registry.npmjs.org/@esbuild/android-arm64/-/android-arm64-0.18.5.tgz",
      "integrity": "sha512-410IPUj7ZOxZ2dwK0B7o7Nibu7YEyaLBvYOfYBpuA1TpY0fOkDM5r4bwn+hT8Uma06DBI4RnYNN09fn55PYInQ==",
      "cpu": [
        "arm64"
      ],
      "optional": true,
      "os": [
        "android"
      ],
      "engines": {
        "node": ">=12"
      }
    },
    "node_modules/@esbuild/android-x64": {
      "version": "0.18.5",
      "resolved": "https://registry.npmjs.org/@esbuild/android-x64/-/android-x64-0.18.5.tgz",
      "integrity": "sha512-+fdfceCYwcz9OReheSWYOGaAAt03n0BnG5/UW9tyGyo15PjSOF14ylxfjvz+0atDx0S/RxyezMsH/mbnWhnC8w==",
      "cpu": [
        "x64"
      ],
      "optional": true,
      "os": [
        "android"
      ],
      "engines": {
        "node": ">=12"
      }
    },
    "node_modules/@esbuild/darwin-arm64": {
      "version": "0.18.5",
      "resolved": "https://registry.npmjs.org/@esbuild/darwin-arm64/-/darwin-arm64-0.18.5.tgz",
      "integrity": "sha512-L7noeTaus5xEtgd5J7u/lGrZfSiYkvZb0gOD7rvKTuuWbdGM4bunz5DUFsWBbEIlloslpOO5PDy4Hnd6mZT20A==",
      "cpu": [
        "arm64"
      ],
      "optional": true,
      "os": [
        "darwin"
      ],
      "engines": {
        "node": ">=12"
      }
    },
    "node_modules/@esbuild/darwin-x64": {
      "version": "0.18.5",
      "resolved": "https://registry.npmjs.org/@esbuild/darwin-x64/-/darwin-x64-0.18.5.tgz",
      "integrity": "sha512-eA39B8SxbxRdSSILD4AsePzvJiVao6ZaYrcTOJqg89jnnMEGR/EAh+ehV7E4GOx4WXQoWeJRP1P9JQSzIrROeg==",
      "cpu": [
        "x64"
      ],
      "optional": true,
      "os": [
        "darwin"
      ],
      "engines": {
        "node": ">=12"
      }
    },
    "node_modules/@esbuild/freebsd-arm64": {
      "version": "0.18.5",
      "resolved": "https://registry.npmjs.org/@esbuild/freebsd-arm64/-/freebsd-arm64-0.18.5.tgz",
      "integrity": "sha512-Eg1UnkTZHfsphgcy1Wj/McNModSO/F+kqtWqvtvEZc9BAgvdwxAt11BESgBczU+Gti0G2dLvHs0Sfb3gavwhGg==",
      "cpu": [
        "arm64"
      ],
      "optional": true,
      "os": [
        "freebsd"
      ],
      "engines": {
        "node": ">=12"
      }
    },
    "node_modules/@esbuild/freebsd-x64": {
      "version": "0.18.5",
      "resolved": "https://registry.npmjs.org/@esbuild/freebsd-x64/-/freebsd-x64-0.18.5.tgz",
      "integrity": "sha512-GNTMSJ55gl7Tf5VUqVRkMJhRGzH6vI9vFBfZCj4Zjm7RgfXCWxLnTyjMgZZKT8pOzW40KD2KlrGbqwnnJWyGWw==",
      "cpu": [
        "x64"
      ],
      "optional": true,
      "os": [
        "freebsd"
      ],
      "engines": {
        "node": ">=12"
      }
    },
    "node_modules/@esbuild/linux-arm": {
      "version": "0.18.5",
      "resolved": "https://registry.npmjs.org/@esbuild/linux-arm/-/linux-arm-0.18.5.tgz",
      "integrity": "sha512-6R+vEIyfEvp+gOWKSc+m6hdnhWKQYzicqONQYiDGT6qepc6OGsLEZcyFwoz6BvFx5j233CBWMcJ69eXFrwXw9A==",
      "cpu": [
        "arm"
      ],
      "optional": true,
      "os": [
        "linux"
      ],
      "engines": {
        "node": ">=12"
      }
    },
    "node_modules/@esbuild/linux-arm64": {
      "version": "0.18.5",
      "resolved": "https://registry.npmjs.org/@esbuild/linux-arm64/-/linux-arm64-0.18.5.tgz",
      "integrity": "sha512-r08LmhqyPRj6FtuNPBTu8BliKh6h+oNEhMkWmmR/aWs4DWjDOivyDfLGznPdgtSThL23fk1QgSBUEbuCIzjA2A==",
      "cpu": [
        "arm64"
      ],
      "optional": true,
      "os": [
        "linux"
      ],
      "engines": {
        "node": ">=12"
      }
    },
    "node_modules/@esbuild/linux-ia32": {
      "version": "0.18.5",
      "resolved": "https://registry.npmjs.org/@esbuild/linux-ia32/-/linux-ia32-0.18.5.tgz",
      "integrity": "sha512-ph6M9iEMc6BHgv2XuIE8qeQrQCH+2l116c8L9ysmmXYwpNXa3E7JNIu/O7hI0I9qDvh1P19AGbIh+/y0GAZijA==",
      "cpu": [
        "ia32"
      ],
      "optional": true,
      "os": [
        "linux"
      ],
      "engines": {
        "node": ">=12"
      }
    },
    "node_modules/@esbuild/linux-loong64": {
      "version": "0.18.5",
      "resolved": "https://registry.npmjs.org/@esbuild/linux-loong64/-/linux-loong64-0.18.5.tgz",
      "integrity": "sha512-s6Nup5FMQ8R8OKJG2rSxtV40s8LRdfC73XGHGaFlGiC+2SeCyq4dl3MMfLdzLowYzyDjfc4GRrXWUNMX3kNxYA==",
      "cpu": [
        "loong64"
      ],
      "optional": true,
      "os": [
        "linux"
      ],
      "engines": {
        "node": ">=12"
      }
    },
    "node_modules/@esbuild/linux-mips64el": {
      "version": "0.18.5",
      "resolved": "https://registry.npmjs.org/@esbuild/linux-mips64el/-/linux-mips64el-0.18.5.tgz",
      "integrity": "sha512-DxW4nNDIGbivZxnJD01C5PlwKPpin8YgSwWtToCy4w4lNigT7Iaf5A+wcPT2laibdgbcgPKpPOXUg6RFGTt8xA==",
      "cpu": [
        "mips64el"
      ],
      "optional": true,
      "os": [
        "linux"
      ],
      "engines": {
        "node": ">=12"
      }
    },
    "node_modules/@esbuild/linux-ppc64": {
      "version": "0.18.5",
      "resolved": "https://registry.npmjs.org/@esbuild/linux-ppc64/-/linux-ppc64-0.18.5.tgz",
      "integrity": "sha512-BksOs2uYTafS+u75QiN4RoLbEMNjE192adJCBalncI3E2PWyR2i1kEs9rEghHK7pw0SD0uWgV9otRmV7G5b2lQ==",
      "cpu": [
        "ppc64"
      ],
      "optional": true,
      "os": [
        "linux"
      ],
      "engines": {
        "node": ">=12"
      }
    },
    "node_modules/@esbuild/linux-riscv64": {
      "version": "0.18.5",
      "resolved": "https://registry.npmjs.org/@esbuild/linux-riscv64/-/linux-riscv64-0.18.5.tgz",
      "integrity": "sha512-mGv8BOJXsV7bZyjyMdeDs55CDXZ5vrY3oKa58DNRz2vPn54dREyj4BhhyWuqSuzSURJhFg7pM/1fI2vnAHGkHw==",
      "cpu": [
        "riscv64"
      ],
      "optional": true,
      "os": [
        "linux"
      ],
      "engines": {
        "node": ">=12"
      }
    },
    "node_modules/@esbuild/linux-s390x": {
      "version": "0.18.5",
      "resolved": "https://registry.npmjs.org/@esbuild/linux-s390x/-/linux-s390x-0.18.5.tgz",
      "integrity": "sha512-m4uIYyrl5znGnNHgiM/Zsw6I9Se513NqdTxeUxZ66/VDWbuUp8ACe1KOSpwF4NNxfYy6Q3W8beZsIdF4F85q8Q==",
      "cpu": [
        "s390x"
      ],
      "optional": true,
      "os": [
        "linux"
      ],
      "engines": {
        "node": ">=12"
      }
    },
    "node_modules/@esbuild/linux-x64": {
      "version": "0.18.5",
      "resolved": "https://registry.npmjs.org/@esbuild/linux-x64/-/linux-x64-0.18.5.tgz",
      "integrity": "sha512-R1C7X30YjXmOZYOzx4dJ/QvRNfrkK/sDCFfcGNhlHFX6B/iodJdk81h7EhnKVUQy+3BaARxF7udd91iSSzMlbQ==",
      "cpu": [
        "x64"
      ],
      "optional": true,
      "os": [
        "linux"
      ],
      "engines": {
        "node": ">=12"
      }
    },
    "node_modules/@esbuild/netbsd-x64": {
      "version": "0.18.5",
      "resolved": "https://registry.npmjs.org/@esbuild/netbsd-x64/-/netbsd-x64-0.18.5.tgz",
      "integrity": "sha512-MABnKzjMcXjO0NEYyexOhqjcrgM6dE8BXnm+lctm2x2aPpYg5iL0Ew3aABSTZyp9dS3Z4VzFu5PPoOYEw8akTQ==",
      "cpu": [
        "x64"
      ],
      "optional": true,
      "os": [
        "netbsd"
      ],
      "engines": {
        "node": ">=12"
      }
    },
    "node_modules/@esbuild/openbsd-x64": {
      "version": "0.18.5",
      "resolved": "https://registry.npmjs.org/@esbuild/openbsd-x64/-/openbsd-x64-0.18.5.tgz",
      "integrity": "sha512-aU7R0tLIUMaQuAgBjKrq02Z98rcY9Pxk76hynSqcGeld2C/ro1uBbS2i9rh7vdwBAY0rG08Og4wnDnlx5rU+fQ==",
      "cpu": [
        "x64"
      ],
      "optional": true,
      "os": [
        "openbsd"
      ],
      "engines": {
        "node": ">=12"
      }
    },
    "node_modules/@esbuild/sunos-x64": {
      "version": "0.18.5",
      "resolved": "https://registry.npmjs.org/@esbuild/sunos-x64/-/sunos-x64-0.18.5.tgz",
      "integrity": "sha512-ngm3fVv2VxufI8zH/Phk0mYkgvFjFGnS+l7uxxd20mmeLTNI/8OXDJpNqTUbvzJh3tqhI/Gof0N2+5xJbqEaxA==",
      "cpu": [
        "x64"
      ],
      "optional": true,
      "os": [
        "sunos"
      ],
      "engines": {
        "node": ">=12"
      }
    },
    "node_modules/@esbuild/win32-arm64": {
      "version": "0.18.5",
      "resolved": "https://registry.npmjs.org/@esbuild/win32-arm64/-/win32-arm64-0.18.5.tgz",
      "integrity": "sha512-XqpS89+MGLzR8YtQQkBYsLCfAv1ySflMb+FEH99rOp6kOPv/ORO+ujEB5ICDBZZbvYqB75uFrNELo1BVEQbS3g==",
      "cpu": [
        "arm64"
      ],
      "optional": true,
      "os": [
        "win32"
      ],
      "engines": {
        "node": ">=12"
      }
    },
    "node_modules/@esbuild/win32-ia32": {
      "version": "0.18.5",
      "resolved": "https://registry.npmjs.org/@esbuild/win32-ia32/-/win32-ia32-0.18.5.tgz",
      "integrity": "sha512-V3xj/nb9uie0I4mn1f8nPZSgHldtNJrqTKYjTyMPMBnHbMYF5Loz8ZHsp7+La8kI6NxIF1ClQ9XBV+G3RtSkww==",
      "cpu": [
        "ia32"
      ],
      "optional": true,
      "os": [
        "win32"
      ],
      "engines": {
        "node": ">=12"
      }
    },
    "node_modules/@esbuild/win32-x64": {
      "version": "0.18.5",
      "resolved": "https://registry.npmjs.org/@esbuild/win32-x64/-/win32-x64-0.18.5.tgz",
      "integrity": "sha512-gMxWvQeTQWDpa8ExPP41al+Ho7HyK24h7y41JdGKqE24KzXXQPxESUtrCoIES+HwF+OGq2smtibU9UvZ8WH3JQ==",
      "cpu": [
        "x64"
      ],
      "optional": true,
      "os": [
        "win32"
      ],
      "engines": {
        "node": ">=12"
      }
    },
    "node_modules/esbuild": {
      "version": "0.18.5",
      "resolved": "https://registry.npmjs.org/esbuild/-/esbuild-0.18.5.tgz",
      "integrity": "sha512-ztF1Z53Mc8ijEo1ZWFduHZXIqRWufo76JHm1ikvhGjIzO1mj84LdKXSGmRzahfgvWSwky48MkT+o5yUIkQtDPA==",
      "hasInstallScript": true,
      "bin": {
        "esbuild": "bin/esbuild"
      },
      "engines": {
        "node": ">=12"
      },
      "optionalDependencies": {
        "@esbuild/android-arm": "0.18.5",
        "@esbuild/android-arm64": "0.18.5",
        "@esbuild/android-x64": "0.18.5",
        "@esbuild/darwin-arm64": "0.18.5",
        "@esbuild/darwin-x64": "0.18.5",
        "@esbuild/freebsd-arm64": "0.18.5",
        "@esbuild/freebsd-x64": "0.18.5",
        "@esbuild/linux-arm": "0.18.5",
        "@esbuild/linux-arm64": "0.18.5",
        "@esbuild/linux-ia32": "0.18.5",
        "@esbuild/linux-loong64": "0.18.5",
        "@esbuild/linux-mips64el": "0.18.5",
        "@esbuild/linux-ppc64": "0.18.5",
        "@esbuild/linux-riscv64": "0.18.5",
        "@esbuild/linux-s390x": "0.18.5",
        "@esbuild/linux-x64": "0.18.5",
        "@esbuild/netbsd-x64": "0.18.5",
        "@esbuild/openbsd-x64": "0.18.5",
        "@esbuild/sunos-x64": "0.18.5",
        "@esbuild/win32-arm64": "0.18.5",
        "@esbuild/win32-ia32": "0.18.5",
        "@esbuild/win32-x64": "0.18.5"
      }
    }
  },
  "dependencies": {
    "@esbuild/android-arm": {
      "version": "0.18.5",
      "resolved": "https://registry.npmjs.org/@esbuild/android-arm/-/android-arm-0.18.5.tgz",
      "integrity": "sha512-+8GXQzuASxGg/rb47Z5zJe3vjOfL7RRce/DILuk6kbB/8HO0p3CPo72CbR349P2K8YP1h5NvNqU+2GDRbNJylw==",
      "optional": true
    },
    "@esbuild/android-arm64": {
      "version": "0.18.5",
      "resolved": "https://registry.npmjs.org/@esbuild/android-arm64/-/android-arm64-0.18.5.tgz",
      "integrity": "sha512-410IPUj7ZOxZ2dwK0B7o7Nibu7YEyaLBvYOfYBpuA1TpY0fOkDM5r4bwn+hT8Uma06DBI4RnYNN09fn55PYInQ==",
      "optional": true
    },
    "@esbuild/android-x64": {
      "version": "0.18.5",
      "resolved": "https://registry.npmjs.org/@esbuild/android-x64/-/android-x64-0.18.5.tgz",
      "integrity": "sha512-+fdfceCYwcz9OReheSWYOGaAAt03n0BnG5/UW9tyGyo15PjSOF14ylxfjvz+0atDx0S/RxyezMsH/mbnWhnC8w==",
      "optional": true
    },
    "@esbuild/darwin-arm64": {
      "version": "0.18.5",
      "resolved": "https://registry.npmjs.org/@esbuild/darwin-arm64/-/darwin-arm64-0.18.5.tgz",
      "integrity": "sha512-L7noeTaus5xEtgd5J7u/lGrZfSiYkvZb0gOD7rvKTuuWbdGM4bunz5DUFsWBbEIlloslpOO5PDy4Hnd6mZT20A==",
      "optional": true
    },
    "@esbuild/darwin-x64": {
      "version": "0.18.5",
      "resolved": "https://registry.npmjs.org/@esbuild/darwin-x64/-/darwin-x64-0.18.5.tgz",
      "integrity": "sha512-eA39B8SxbxRdSSILD4AsePzvJiVao6ZaYrcTOJqg89jnnMEGR/EAh+ehV7E4GOx4WXQoWeJRP1P9JQSzIrROeg==",
      "optional": true
    },
    "@esbuild/freebsd-arm64": {
      "version": "0.18.5",
      "resolved": "https://registry.npmjs.org/@esbuild/freebsd-arm64/-/freebsd-arm64-0.18.5.tgz",
      "integrity": "sha512-Eg1UnkTZHfsphgcy1Wj/McNModSO/F+kqtWqvtvEZc9BAgvdwxAt11BESgBczU+Gti0G2dLvHs0Sfb3gavwhGg==",
      "optional": true
    },
    "@esbuild/freebsd-x64": {
      "version": "0.18.5",
      "resolved": "https://registry.npmjs.org/@esbuild/freebsd-x64/-/freebsd-x64-0.18.5.tgz",
      "integrity": "sha512-GNTMSJ55gl7Tf5VUqVRkMJhRGzH6vI9vFBfZCj4Zjm7RgfXCWxLnTyjMgZZKT8pOzW40KD2KlrGbqwnnJWyGWw==",
      "optional": true
    },
    "@esbuild/linux-arm": {
      "version": "0.18.5",
      "resolved": "https://registry.npmjs.org/@esbuild/linux-arm/-/linux-arm-0.18.5.tgz",
      "integrity": "sha512-6R+vEIyfEvp+gOWKSc+m6hdnhWKQYzicqONQYiDGT6qepc6OGsLEZcyFwoz6BvFx5j233CBWMcJ69eXFrwXw9A==",
      "optional": true
    },
    "@esbuild/linux-arm64": {
      "version": "0.18.5",
      "resolved": "https://registry.npmjs.org/@esbuild/linux-arm64/-/linux-arm64-0.18.5.tgz",
      "integrity": "sha512-r08LmhqyPRj6FtuNPBTu8BliKh6h+oNEhMkWmmR/aWs4DWjDOivyDfLGznPdgtSThL23fk1QgSBUEbuCIzjA2A==",
      "optional": true
    },
    "@esbuild/linux-ia32": {
      "version": "0.18.5",
      "resolved": "https://registry.npmjs.org/@esbuild/linux-ia32/-/linux-ia32-0.18.5.tgz",
      "integrity": "sha512-ph6M9iEMc6BHgv2XuIE8qeQrQCH+2l116c8L9ysmmXYwpNXa3E7JNIu/O7hI0I9qDvh1P19AGbIh+/y0GAZijA==",
      "optional": true
    },
    "@esbuild/linux-loong64": {
      "version": "0.18.5",
      "resolved": "https://registry.npmjs.org/@esbuild/linux-loong64/-/linux-loong64-0.18.5.tgz",
      "integrity": "sha512-s6Nup5FMQ8R8OKJG2rSxtV40s8LRdfC73XGHGaFlGiC+2SeCyq4dl3MMfLdzLowYzyDjfc4GRrXWUNMX3kNxYA==",
      "optional": true
    },
    "@esbuild/linux-mips64el": {
      "version": "0.18.5",
      "resolved": "https://registry.npmjs.org/@esbuild/linux-mips64el/-/linux-mips64el-0.18.5.tgz",
      "integrity": "sha512-DxW4nNDIGbivZxnJD01C5PlwKPpin8YgSwWtToCy4w4lNigT7Iaf5A+wcPT2laibdgbcgPKpPOXUg6RFGTt8xA==",
      "optional": true
    },
    "@esbuild/linux-ppc64": {
      "version": "0.18.5",
      "resolved": "https://registry.npmjs.org/@esbuild/linux-ppc64/-/linux-ppc64-0.18.5.tgz",
      "integrity": "sha512-BksOs2uYTafS+u75QiN4RoLbEMNjE192adJCBalncI3E2PWyR2i1kEs9rEghHK7pw0SD0uWgV9otRmV7G5b2lQ==",
      "optional": true
    },
    "@esbuild/linux-riscv64": {
      "version": "0.18.5",
      "resolved": "https://registry.npmjs.org/@esbuild/linux-riscv64/-/linux-riscv64-0.18.5.tgz",
      "integrity": "sha512-mGv8BOJXsV7bZyjyMdeDs55CDXZ5vrY3oKa58DNRz2vPn54dREyj4BhhyWuqSuzSURJhFg7pM/1fI2vnAHGkHw==",
      "optional": true
    },
    "@esbuild/linux-s390x": {
      "version": "0.18.5",
      "resolved": "https://registry.npmjs.org/@esbuild/linux-s390x/-/linux-s390x-0.18.5.tgz",
      "integrity": "sha512-m4uIYyrl5znGnNHgiM/Zsw6I9Se513NqdTxeUxZ66/VDWbuUp8ACe1KOSpwF4NNxfYy6Q3W8beZsIdF4F85q8Q==",
      "optional": true
    },
    "@esbuild/linux-x64": {
      "version": "0.18.5",
      "resolved": "https://registry.npmjs.org/@esbuild/linux-x64/-/linux-x64-0.18.5.tgz",
      "integrity": "sha512-R1C7X30YjXmOZYOzx4dJ/QvRNfrkK/sDCFfcGNhlHFX6B/iodJdk81h7EhnKVUQy+3BaARxF7udd91iSSzMlbQ==",
      "optional": true
    },
    "@esbuild/netbsd-x64": {
      "version": "0.18.5",
      "resolved": "https://registry.npmjs.org/@esbuild/netbsd-x64/-/netbsd-x64-0.18.5.tgz",
      "integrity": "sha512-MABnKzjMcXjO0NEYyexOhqjcrgM6dE8BXnm+lctm2x2aPpYg5iL0Ew3aABSTZyp9dS3Z4VzFu5PPoOYEw8akTQ==",
      "optional": true
    },
    "@esbuild/openbsd-x64": {
      "version": "0.18.5",
      "resolved": "https://registry.npmjs.org/@esbuild/openbsd-x64/-/openbsd-x64-0.18.5.tgz",
      "integrity": "sha512-aU7R0tLIUMaQuAgBjKrq02Z98rcY9Pxk76hynSqcGeld2C/ro1uBbS2i9rh7vdwBAY0rG08Og4wnDnlx5rU+fQ==",
      "optional": true
    },
    "@esbuild/sunos-x64": {
      "version": "0.18.5",
      "resolved": "https://registry.npmjs.org/@esbuild/sunos-x64/-/sunos-x64-0.18.5.tgz",
      "integrity": "sha512-ngm3fVv2VxufI8zH/Phk0mYkgvFjFGnS+l7uxxd20mmeLTNI/8OXDJpNqTUbvzJh3tqhI/Gof0N2+5xJbqEaxA==",
      "optional": true
    },
    "@esbuild/win32-arm64": {
      "version": "0.18.5",
      "resolved": "https://registry.npmjs.org/@esbuild/win32-arm64/-/win32-arm64-0.18.5.tgz",
      "integrity": "sha512-XqpS89+MGLzR8YtQQkBYsLCfAv1ySflMb+FEH99rOp6kOPv/ORO+ujEB5ICDBZZbvYqB75uFrNELo1BVEQbS3g==",
      "optional": true
    },
    "@esbuild/win32-ia32": {
      "version": "0.18.5",
      "resolved": "https://registry.npmjs.org/@esbuild/win32-ia32/-/win32-ia32-0.18.5.tgz",
      "integrity": "sha512-V3xj/nb9uie0I4mn1f8nPZSgHldtNJrqTKYjTyMPMBnHbMYF5Loz8ZHsp7+La8kI6NxIF1ClQ9XBV+G3RtSkww==",
      "optional": true
    },
    "@esbuild/win32-x64": {
      "version": "0.18.5",
      "resolved": "https://registry.npmjs.org/@esbuild/win32-x64/-/win32-x64-0.18.5.tgz",
      "integrity": "sha512-gMxWvQeTQWDpa8ExPP41al+Ho7HyK24h7y41JdGKqE24KzXXQPxESUtrCoIES+HwF+OGq2smtibU9UvZ8WH3JQ==",
      "optional": true
    },
    "esbuild": {
      "version": "0.18.5",
      "resolved": "https://registry.npmjs.org/esbuild/-/esbuild-0.18.5.tgz",
      "integrity": "sha512-ztF1Z53Mc8ijEo1ZWFduHZXIqRWufo76JHm1ikvhGjIzO1mj84LdKXSGmRzahfgvWSwky48MkT+o5yUIkQtDPA==",
      "requires": {
        "@esbuild/android-arm": "0.18.5",
        "@esbuild/android-arm64": "0.18.5",
        "@esbuild/android-x64": "0.18.5",
        "@esbuild/darwin-arm64": "0.18.5",
        "@esbuild/darwin-x64": "0.18.5",
        "@esbuild/freebsd-arm64": "0.18.5",
        "@esbuild/freebsd-x64": "0.18.5",
        "@esbuild/linux-arm": "0.18.5",
        "@esbuild/linux-arm64": "0.18.5",
        "@esbuild/linux-ia32": "0.18.5",
        "@esbuild/linux-loong64": "0.18.5",
        "@esbuild/linux-mips64el": "0.18.5",
        "@esbuild/linux-ppc64": "0.18.5",
        "@esbuild/linux-riscv64": "0.18.5",
        "@esbuild/linux-s390x": "0.18.5",
        "@esbuild/linux-x64": "0.18.5",
        "@esbuild/netbsd-x64": "0.18.5",
        "@esbuild/openbsd-x64": "0.18.5",
        "@esbuild/sunos-x64": "0.18.5",
        "@esbuild/win32-arm64": "0.18.5",
        "@esbuild/win32-ia32": "0.18.5",
        "@esbuild/win32-x64": "0.18.5"
      }
    }
  }
}
