Microsoft Visual Studio Solution File, Format Version 12.00
# Visual Studio Version 17
VisualStudioVersion = 17.5.2.0
MinimumVisualStudioVersion = 10.0.40219.1
Project("{FAE04EC0-301F-11D3-BF4B-00C04F79EFBC}") = "BotMessageExtensions", "BotMessageExtensions.csproj", "{C585594A-ABF9-4060-98E3-5B5C1C156542}"
EndProject
Global
	GlobalSection(SolutionConfigurationPlatforms) = preSolution
		Debug|Any CPU = Debug|Any CPU
		Release|Any CPU = Release|Any CPU
	EndGlobalSection
	GlobalSection(ProjectConfigurationPlatforms) = postSolution
		{C585594A-ABF9-4060-98E3-5B5C1C156542}.Debug|Any CPU.ActiveCfg = Debug|Any CPU
		{C585594A-ABF9-4060-98E3-5B5C1C156542}.Debug|Any CPU.Build.0 = Debug|Any CPU
		{C585594A-ABF9-4060-98E3-5B5C1C156542}.Release|Any CPU.ActiveCfg = Release|Any CPU
		{C585594A-ABF9-4060-98E3-5B5C1C156542}.Release|Any CPU.Build.0 = Release|Any CPU
	EndGlobalSection
	GlobalSection(SolutionProperties) = preSolution
		HideSolutionNode = FALSE
	EndGlobalSection
	GlobalSection(ExtensibilityGlobals) = postSolution
		SolutionGuid = {1CCCA32C-58BF-4430-A8B1-471608DF55D5}
	EndGlobalSection
EndGlobal
