
Microsoft Visual Studio Solution File, Format Version 12.00
# Visual Studio Version 17
VisualStudioVersion = 17.1.32414.318
MinimumVisualStudioVersion = 10.0.40219.1
Project("{FAE04EC0-301F-11D3-BF4B-00C04F79EFBC}") = "ReleaseManagement", "ReleaseManagement\ReleaseManagement.csproj", "{B32E9EB2-20C3-4F6C-8623-B9B24A839D02}"
EndProject
Global
	GlobalSection(SolutionConfigurationPlatforms) = preSolution
		Debug|Any CPU = Debug|Any CPU
		Release|Any CPU = Release|Any CPU
	EndGlobalSection
	GlobalSection(ProjectConfigurationPlatforms) = postSolution
		{B32E9EB2-20C3-4F6C-8623-B9B24A839D02}.Debug|Any CPU.ActiveCfg = Debug|Any CPU
		{B32E9EB2-20C3-4F6C-8623-B9B24A839D02}.Debug|Any CPU.Build.0 = Debug|Any CPU
		{B32E9EB2-20C3-4F6C-8623-B9B24A839D02}.Release|Any CPU.ActiveCfg = Release|Any CPU
		{B32E9EB2-20C3-4F6C-8623-B9B24A839D02}.Release|Any CPU.Build.0 = Release|Any CPU
	EndGlobalSection
	GlobalSection(SolutionProperties) = preSolution
		HideSolutionNode = FALSE
	EndGlobalSection
	GlobalSection(ExtensibilityGlobals) = postSolution
		SolutionGuid = {603FD752-1C08-4250-AF87-61BCD45C6DFA}
	EndGlobalSection
EndGlobal
