
Microsoft Visual Studio Solution File, Format Version 12.00
# Visual Studio Version 17
VisualStudioVersion = 17.3.32901.215
MinimumVisualStudioVersion = 10.0.40219.1
Project("{9A19103F-16F7-4668-BE54-9A1E7A4F7556}") = "TeamsMessagingExtensionsSearch", "TeamsMessagingExtensionsSearch.csproj", "{50AD08D1-9FDF-400E-9065-908E8DD691AB}"
EndProject
Global
	GlobalSection(SolutionConfigurationPlatforms) = preSolution
		Debug|Any CPU = Debug|Any CPU
		Release|Any CPU = Release|Any CPU
	EndGlobalSection
	GlobalSection(ProjectConfigurationPlatforms) = postSolution
		{50AD08D1-9FDF-400E-9065-908E8DD691AB}.Debug|Any CPU.ActiveCfg = Debug|Any CPU
		{50AD08D1-9FDF-400E-9065-908E8DD691AB}.Debug|Any CPU.Build.0 = Debug|Any CPU
		{50AD08D1-9FDF-400E-9065-908E8DD691AB}.Release|Any CPU.ActiveCfg = Release|Any CPU
		{50AD08D1-9FDF-400E-9065-908E8DD691AB}.Release|Any CPU.Build.0 = Release|Any CPU
	EndGlobalSection
	GlobalSection(SolutionProperties) = preSolution
		HideSolutionNode = FALSE
	EndGlobalSection
	GlobalSection(ExtensibilityGlobals) = postSolution
		SolutionGuid = {95E14D37-624A-4EBE-A264-C708CF6E7495}
	EndGlobalSection
EndGlobal
