
Microsoft Visual Studio Solution File, Format Version 12.00
# Visual Studio Version 16
VisualStudioVersion = 16.0.29102.190
MinimumVisualStudioVersion = 10.0.40219.1
Project("{FAE04EC0-301F-11D3-BF4B-00C04F79EFBC}") = "ChannelGroupTabMVC", "ChannelGroupTabMVC.csproj", "{56BDBCF4-B35C-43E1-91E0-3661ABF63E84}"
EndProject
Global
	GlobalSection(SolutionConfigurationPlatforms) = preSolution
		Debug|Any CPU = Debug|Any CPU
		Release|Any CPU = Release|Any CPU
	EndGlobalSection
	GlobalSection(ProjectConfigurationPlatforms) = postSolution
		{56BDBCF4-B35C-43E1-91E0-3661ABF63E84}.Debug|Any CPU.ActiveCfg = Debug|Any CPU
		{56BDBCF4-B35C-43E1-91E0-3661ABF63E84}.Debug|Any CPU.Build.0 = Debug|Any CPU
		{56BDBCF4-B35C-43E1-91E0-3661ABF63E84}.Release|Any CPU.ActiveCfg = Release|Any CPU
		{56BDBCF4-B35C-43E1-91E0-3661ABF63E84}.Release|Any CPU.Build.0 = Release|Any CPU
	EndGlobalSection
	GlobalSection(SolutionProperties) = preSolution
		HideSolutionNode = FALSE
	EndGlobalSection
	GlobalSection(ExtensibilityGlobals) = postSolution
		SolutionGuid = {174FF0C2-DDA7-4EA4-B1C4-D5E64927BE43}
	EndGlobalSection
EndGlobal
