
Microsoft Visual Studio Solution File, Format Version 12.00
# Visual Studio Version 17
VisualStudioVersion = 17.10.34814.14
MinimumVisualStudioVersion = 10.0.40219.1
Project("{9A19103F-16F7-4668-BE54-9A1E7A4F7556}") = "ChannelGroupTabMVC", "ChannelGroupTabMVC.csproj", "{56BDBCF4-B35C-43E1-91E0-3661ABF63E84}"
EndProject
Project("{A9E3F50B-275E-4AF7-ADCE-8BE12D41E305}") = "TeamsApp", "TeamsApp\TeamsApp.ttkproj", "{EC07A694-79E6-4A5B-9824-4C87A1CB45D6}"
EndProject
Project("{2150E333-8FDC-42A3-9474-1A3956D46DE8}") = "Solution Items", "Solution Items", "{161A6D4A-F626-47CF-B936-AF70734829E4}"
	ProjectSection(SolutionItems) = preProject
		ChannelGroupTabMVC.slnLaunch.user = ChannelGroupTabMVC.slnLaunch.user
	EndProjectSection
EndProject
Global
	GlobalSection(SolutionConfigurationPlatforms) = preSolution
		Debug|Any CPU = Debug|Any CPU
		Release|Any CPU = Release|Any CPU
	EndGlobalSection
	GlobalSection(ProjectConfigurationPlatforms) = postSolution
		{56BDBCF4-B35C-43E1-91E0-3661ABF63E84}.Debug|Any CPU.ActiveCfg = Debug|Any CPU
		{56BDBCF4-B35C-43E1-91E0-3661ABF63E84}.Debug|Any CPU.Build.0 = Debug|Any CPU
		{56BDBCF4-B35C-43E1-91E0-3661ABF63E84}.Release|Any CPU.ActiveCfg = Release|Any CPU
		{56BDBCF4-B35C-43E1-91E0-3661ABF63E84}.Release|Any CPU.Build.0 = Release|Any CPU
		{EC07A694-79E6-4A5B-9824-4C87A1CB45D6}.Debug|Any CPU.ActiveCfg = Debug|Any CPU
		{EC07A694-79E6-4A5B-9824-4C87A1CB45D6}.Debug|Any CPU.Build.0 = Debug|Any CPU
		{EC07A694-79E6-4A5B-9824-4C87A1CB45D6}.Release|Any CPU.ActiveCfg = Release|Any CPU
		{EC07A694-79E6-4A5B-9824-4C87A1CB45D6}.Release|Any CPU.Build.0 = Release|Any CPU
	EndGlobalSection
	GlobalSection(SolutionProperties) = preSolution
		HideSolutionNode = FALSE
	EndGlobalSection
	GlobalSection(ExtensibilityGlobals) = postSolution
		SolutionGuid = {174FF0C2-DDA7-4EA4-B1C4-D5E64927BE43}
	EndGlobalSection
EndGlobal
