
Microsoft Visual Studio Solution File, Format Version 12.00
# Visual Studio Version 17
VisualStudioVersion = 17.2.32602.215
MinimumVisualStudioVersion = 10.0.40219.1
Project("{9A19103F-16F7-4668-BE54-9A1E7A4F7556}") = "GraphPinnedMessage", "GraphPinnedMessage\GraphPinnedMessage.csproj", "{AFC73EB1-C0BB-438E-98BC-31A0CD50C608}"
EndProject
Project("{A9E3F50B-275E-4AF7-ADCE-8BE12D41E305}") = "TeamsApp", "TeamsApp\TeamsApp.ttkproj", "{C5895AA3-1714-41A8-A3D5-46FF6A54B128}"
EndProject
Project("{2150E333-8FDC-42A3-9474-1A3956D46DE8}") = "Solution Items", "Solution Items", "{F23D0641-8ADC-4946-BD38-66E5569CBB78}"
	ProjectSection(SolutionItems) = preProject
		GraphPinnedMessage.slnLaunch.user = GraphPinnedMessage.slnLaunch.user
	EndProjectSection
EndProject
Global
	GlobalSection(SolutionConfigurationPlatforms) = preSolution
		Debug|Any CPU = Debug|Any CPU
		Release|Any CPU = Release|Any CPU
	EndGlobalSection
	GlobalSection(ProjectConfigurationPlatforms) = postSolution
		{AFC73EB1-C0BB-438E-98BC-31A0CD50C608}.Debug|Any CPU.ActiveCfg = Debug|Any CPU
		{AFC73EB1-C0BB-438E-98BC-31A0CD50C608}.Debug|Any CPU.Build.0 = Debug|Any CPU
		{AFC73EB1-C0BB-438E-98BC-31A0CD50C608}.Release|Any CPU.ActiveCfg = Release|Any CPU
		{AFC73EB1-C0BB-438E-98BC-31A0CD50C608}.Release|Any CPU.Build.0 = Release|Any CPU
		{C5895AA3-1714-41A8-A3D5-46FF6A54B128}.Debug|Any CPU.ActiveCfg = Debug|Any CPU
		{C5895AA3-1714-41A8-A3D5-46FF6A54B128}.Debug|Any CPU.Build.0 = Debug|Any CPU
		{C5895AA3-1714-41A8-A3D5-46FF6A54B128}.Release|Any CPU.ActiveCfg = Release|Any CPU
		{C5895AA3-1714-41A8-A3D5-46FF6A54B128}.Release|Any CPU.Build.0 = Release|Any CPU
	EndGlobalSection
	GlobalSection(SolutionProperties) = preSolution
		HideSolutionNode = FALSE
	EndGlobalSection
	GlobalSection(ExtensibilityGlobals) = postSolution
		SolutionGuid = {282CF21B-F66A-46B2-A0B1-539113881AEA}
	EndGlobalSection
EndGlobal
