
Microsoft Visual Studio Solution File, Format Version 12.00
# Visual Studio Version 17
VisualStudioVersion = 17.10.35004.147
MinimumVisualStudioVersion = 10.0.40219.1
Project("{9A19103F-16F7-4668-BE54-9A1E7A4F7556}") = "TabGraphToolkit", "TabGraphToolkit\TabGraphToolkit.csproj", "{3AB6D32C-46A0-4BCD-A3FE-55AEE640E7D5}"
EndProject
Project("{A9E3F50B-275E-4AF7-ADCE-8BE12D41E305}") = "M365Agent", "M365Agent\M365Agent.ttkproj", "{9B37CFF1-E97C-4B8F-80B3-4705A686F5EA}"
EndProject
Project("{2150E333-8FDC-42A3-9474-1A3956D46DE8}") = "Solution Items", "Solution Items", "{D633122D-ADA8-4D8A-9C8D-C1DC0A5B684E}"
	ProjectSection(SolutionItems) = preProject
		TabGraphToolkit.slnLaunch.user = TabGraphToolkit.slnLaunch.user
	EndProjectSection
EndProject
Global
	GlobalSection(SolutionConfigurationPlatforms) = preSolution
		Debug|Any CPU = Debug|Any CPU
		Release|Any CPU = Release|Any CPU
	EndGlobalSection
	GlobalSection(ProjectConfigurationPlatforms) = postSolution
		{3AB6D32C-46A0-4BCD-A3FE-55AEE640E7D5}.Debug|Any CPU.ActiveCfg = Debug|Any CPU
		{3AB6D32C-46A0-4BCD-A3FE-55AEE640E7D5}.Debug|Any CPU.Build.0 = Debug|Any CPU
		{3AB6D32C-46A0-4BCD-A3FE-55AEE640E7D5}.Release|Any CPU.ActiveCfg = Release|Any CPU
		{3AB6D32C-46A0-4BCD-A3FE-55AEE640E7D5}.Release|Any CPU.Build.0 = Release|Any CPU
		{9B37CFF1-E97C-4B8F-80B3-4705A686F5EA}.Debug|Any CPU.ActiveCfg = Debug|Any CPU
		{9B37CFF1-E97C-4B8F-80B3-4705A686F5EA}.Debug|Any CPU.Build.0 = Debug|Any CPU
		{9B37CFF1-E97C-4B8F-80B3-4705A686F5EA}.Debug|Any CPU.Deploy.0 = Debug|Any CPU
		{9B37CFF1-E97C-4B8F-80B3-4705A686F5EA}.Release|Any CPU.ActiveCfg = Release|Any CPU
		{9B37CFF1-E97C-4B8F-80B3-4705A686F5EA}.Release|Any CPU.Build.0 = Release|Any CPU
	EndGlobalSection
	GlobalSection(SolutionProperties) = preSolution
		HideSolutionNode = FALSE
	EndGlobalSection
	GlobalSection(ExtensibilityGlobals) = postSolution
		SolutionGuid = {5775D7EA-7A98-4129-A3EF-736A6E962C66}
	EndGlobalSection
EndGlobal
