
Microsoft Visual Studio Solution File, Format Version 12.00
# Visual Studio Version 16
VisualStudioVersion = 16.0.31702.278
MinimumVisualStudioVersion = 10.0.40219.1
Project("{FAE04EC0-301F-11D3-BF4B-00C04F79EFBC}") = "TabGraphToolkit", "TabGraphToolkit\TabGraphToolkit.csproj", "{3AB6D32C-46A0-4BCD-A3FE-55AEE640E7D5}"
EndProject
Global
	GlobalSection(SolutionConfigurationPlatforms) = preSolution
		Debug|Any CPU = Debug|Any CPU
		Release|Any CPU = Release|Any CPU
	EndGlobalSection
	GlobalSection(ProjectConfigurationPlatforms) = postSolution
		{3AB6D32C-46A0-4BCD-A3FE-55AEE640E7D5}.Debug|Any CPU.ActiveCfg = Debug|Any CPU
		{3AB6D32C-46A0-4BCD-A3FE-55AEE640E7D5}.Debug|Any CPU.Build.0 = Debug|Any CPU
		{3AB6D32C-46A0-4BCD-A3FE-55AEE640E7D5}.Release|Any CPU.ActiveCfg = Release|Any CPU
		{3AB6D32C-46A0-4BCD-A3FE-55AEE640E7D5}.Release|Any CPU.Build.0 = Release|Any CPU
	EndGlobalSection
	GlobalSection(SolutionProperties) = preSolution
		HideSolutionNode = FALSE
	EndGlobalSection
	GlobalSection(ExtensibilityGlobals) = postSolution
		SolutionGuid = {5775D7EA-7A98-4129-A3EF-736A6E962C66}
	EndGlobalSection
EndGlobal
