
Microsoft Visual Studio Solution File, Format Version 12.00
# Visual Studio Version 17
VisualStudioVersion = 17.10.35027.167
MinimumVisualStudioVersion = 10.0.40219.1
Project("{9A19103F-16F7-4668-BE54-9A1E7A4F7556}") = "ChangeNotification", "ChangeNotification\ChangeNotification.csproj", "{22FC914C-9E44-4D7C-A8C6-45EE48960B6D}"
EndProject
Project("{2150E333-8FDC-42A3-9474-1A3956D46DE8}") = "Solution Items", "Solution Items", "{16DD3A2B-95C1-4FDA-BA24-2EFA12399411}"
	ProjectSection(SolutionItems) = preProject
		ChangeNotification.slnLaunch.user = ChangeNotification.slnLaunch.user
	EndProjectSection
EndProject
Project("{A9E3F50B-275E-4AF7-ADCE-8BE12D41E305}") = "M365Agent", "M365Agent\M365Agent.ttkproj", "{F9F76B0B-73F7-4752-BC87-3ABBD6C4DA19}"
EndProject
Global
	GlobalSection(SolutionConfigurationPlatforms) = preSolution
		Debug|Any CPU = Debug|Any CPU
		Release|Any CPU = Release|Any CPU
	EndGlobalSection
	GlobalSection(ProjectConfigurationPlatforms) = postSolution
		{22FC914C-9E44-4D7C-A8C6-45EE48960B6D}.Debug|Any CPU.ActiveCfg = Debug|Any CPU
		{22FC914C-9E44-4D7C-A8C6-45EE48960B6D}.Debug|Any CPU.Build.0 = Debug|Any CPU
		{22FC914C-9E44-4D7C-A8C6-45EE48960B6D}.Release|Any CPU.ActiveCfg = Release|Any CPU
		{22FC914C-9E44-4D7C-A8C6-45EE48960B6D}.Release|Any CPU.Build.0 = Release|Any CPU
		{F9F76B0B-73F7-4752-BC87-3ABBD6C4DA19}.Debug|Any CPU.ActiveCfg = Debug|Any CPU
		{F9F76B0B-73F7-4752-BC87-3ABBD6C4DA19}.Debug|Any CPU.Build.0 = Debug|Any CPU
		{F9F76B0B-73F7-4752-BC87-3ABBD6C4DA19}.Release|Any CPU.ActiveCfg = Release|Any CPU
		{F9F76B0B-73F7-4752-BC87-3ABBD6C4DA19}.Release|Any CPU.Build.0 = Release|Any CPU
	EndGlobalSection
	GlobalSection(SolutionProperties) = preSolution
		HideSolutionNode = FALSE
	EndGlobalSection
	GlobalSection(ExtensibilityGlobals) = postSolution
		SolutionGuid = {C4A57F41-750A-466B-B5FB-5C1C661ECC0D}
	EndGlobalSection
EndGlobal
