
Microsoft Visual Studio Solution File, Format Version 12.00
# Visual Studio Version 17
VisualStudioVersion = 17.2.32630.192
MinimumVisualStudioVersion = 10.0.40219.1
Project("{9A19103F-16F7-4668-BE54-9A1E7A4F7556}") = "MeetingContextApp", "MeetingContextApp\MeetingContextApp.csproj", "{C5A41176-A914-4E2D-AE3E-F90B62BC9F2B}"
EndProject
Global
	GlobalSection(SolutionConfigurationPlatforms) = preSolution
		Debug|Any CPU = Debug|Any CPU
		Release|Any CPU = Release|Any CPU
	EndGlobalSection
	GlobalSection(ProjectConfigurationPlatforms) = postSolution
		{C5A41176-A914-4E2D-AE3E-F90B62BC9F2B}.Debug|Any CPU.ActiveCfg = Debug|Any CPU
		{C5A41176-A914-4E2D-AE3E-F90B62BC9F2B}.Debug|Any CPU.Build.0 = Debug|Any CPU
		{C5A41176-A914-4E2D-AE3E-F90B62BC9F2B}.Release|Any CPU.ActiveCfg = Release|Any CPU
		{C5A41176-A914-4E2D-AE3E-F90B62BC9F2B}.Release|Any CPU.Build.0 = Release|Any CPU
	EndGlobalSection
	GlobalSection(SolutionProperties) = preSolution
		HideSolutionNode = FALSE
	EndGlobalSection
	GlobalSection(ExtensibilityGlobals) = postSolution
		SolutionGuid = {305E70A4-CEFA-4CB5-8408-24953A673105}
	EndGlobalSection
EndGlobal
