
Microsoft Visual Studio Solution File, Format Version 12.00
# Visual Studio Version 16
VisualStudioVersion = 16.0.32106.194
MinimumVisualStudioVersion = 10.0.40219.1
Project("{9A19103F-16F7-4668-BE54-9A1E7A4F7556}") = "Microsoft.Teams.Samples.PeoplePicker", "Microsoft.Teams.Samples.PeoplePicker\Microsoft.Teams.Samples.PeoplePicker.csproj", "{63C62E8F-F6BE-471D-9EAC-A1CF01F50C65}"
EndProject
Global
	GlobalSection(SolutionConfigurationPlatforms) = preSolution
		Debug|Any CPU = Debug|Any CPU
		Release|Any CPU = Release|Any CPU
	EndGlobalSection
	GlobalSection(ProjectConfigurationPlatforms) = postSolution
		{63C62E8F-F6BE-471D-9EAC-A1CF01F50C65}.Debug|Any CPU.ActiveCfg = Debug|Any CPU
		{63C62E8F-F6BE-471D-9EAC-A1CF01F50C65}.Debug|Any CPU.Build.0 = Debug|Any CPU
		{63C62E8F-F6BE-471D-9EAC-A1CF01F50C65}.Release|Any CPU.ActiveCfg = Release|Any CPU
		{63C62E8F-F6BE-471D-9EAC-A1CF01F50C65}.Release|Any CPU.Build.0 = Release|Any CPU
	EndGlobalSection
	GlobalSection(SolutionProperties) = preSolution
		HideSolutionNode = FALSE
	EndGlobalSection
	GlobalSection(ExtensibilityGlobals) = postSolution
		SolutionGuid = {607263B1-C581-409A-8539-BFE1D2B14CA2}
	EndGlobalSection
EndGlobal
