
Microsoft Visual Studio Solution File, Format Version 12.00
# Visual Studio Version 17
VisualStudioVersion = 17.4.33213.308
MinimumVisualStudioVersion = 10.0.40219.1
Project("{9A19103F-16F7-4668-BE54-9A1E7A4F7556}") = "MeetingTabs", "MeetingTabs\MeetingTabs.csproj", "{4B6C7B87-6AD4-42E6-AE34-784F1714337F}"
EndProject
Project("{A9E3F50B-275E-4AF7-ADCE-8BE12D41E305}") = "TeamsApp", "TeamsApp\TeamsApp.ttkproj", "{67CA420C-C946-4E27-B3A7-2F17B0147ABC}"
EndProject
Project("{2150E333-8FDC-42A3-9474-1A3956D46DE8}") = "Solution Items", "Solution Items", "{65003A0F-130D-4DFA-A75E-E2D0319D5378}"
	ProjectSection(SolutionItems) = preProject
		MeetingTabs.slnLaunch.user = MeetingTabs.slnLaunch.user
	EndProjectSection
EndProject
Global
	GlobalSection(SolutionConfigurationPlatforms) = preSolution
		Debug|Any CPU = Debug|Any CPU
		Release|Any CPU = Release|Any CPU
	EndGlobalSection
	GlobalSection(ProjectConfigurationPlatforms) = postSolution
		{4B6C7B87-6AD4-42E6-AE34-784F1714337F}.Debug|Any CPU.ActiveCfg = Debug|Any CPU
		{4B6C7B87-6AD4-42E6-AE34-784F1714337F}.Debug|Any CPU.Build.0 = Debug|Any CPU
		{4B6C7B87-6AD4-42E6-AE34-784F1714337F}.Release|Any CPU.ActiveCfg = Release|Any CPU
		{4B6C7B87-6AD4-42E6-AE34-784F1714337F}.Release|Any CPU.Build.0 = Release|Any CPU
		{67CA420C-C946-4E27-B3A7-2F17B0147ABC}.Debug|Any CPU.ActiveCfg = Debug|Any CPU
		{67CA420C-C946-4E27-B3A7-2F17B0147ABC}.Debug|Any CPU.Build.0 = Debug|Any CPU
		{67CA420C-C946-4E27-B3A7-2F17B0147ABC}.Release|Any CPU.ActiveCfg = Release|Any CPU
		{67CA420C-C946-4E27-B3A7-2F17B0147ABC}.Release|Any CPU.Build.0 = Release|Any CPU
	EndGlobalSection
	GlobalSection(SolutionProperties) = preSolution
		HideSolutionNode = FALSE
	EndGlobalSection
	GlobalSection(ExtensibilityGlobals) = postSolution
		SolutionGuid = {7C783DE7-A5EF-48B4-A9CF-63CF650704DD}
	EndGlobalSection
EndGlobal
