
Microsoft Visual Studio Solution File, Format Version 12.00
# Visual Studio Version 17
VisualStudioVersion = 17.3.32804.467
MinimumVisualStudioVersion = 10.0.40219.1
Project("{9A19103F-16F7-4668-BE54-9A1E7A4F7556}") = "ChangeNotification", "ChangeNotification\ChangeNotification.csproj", "{9822D57D-F831-43BB-BAE6-384B29EBB491}"
EndProject
Project("{A9E3F50B-275E-4AF7-ADCE-8BE12D41E305}") = "M365Agent", "M365Agent\M365Agent.atkproj", "{B069B3BD-F6BC-CC40-82AB-3FCC2EA50FDF}"
EndProject
Global
	GlobalSection(SolutionConfigurationPlatforms) = preSolution
		Debug|Any CPU = Debug|Any CPU
		Release|Any CPU = Release|Any CPU
	EndGlobalSection
	GlobalSection(ProjectConfigurationPlatforms) = postSolution
		{9822D57D-F831-43BB-BAE6-384B29EBB491}.Debug|Any CPU.ActiveCfg = Debug|Any CPU
		{9822D57D-F831-43BB-BAE6-384B29EBB491}.Debug|Any CPU.Build.0 = Debug|Any CPU
		{9822D57D-F831-43BB-BAE6-384B29EBB491}.Release|Any CPU.ActiveCfg = Release|Any CPU
		{9822D57D-F831-43BB-BAE6-384B29EBB491}.Release|Any CPU.Build.0 = Release|Any CPU
		{B069B3BD-F6BC-CC40-82AB-3FCC2EA50FDF}.Debug|Any CPU.ActiveCfg = Debug|Any CPU
		{B069B3BD-F6BC-CC40-82AB-3FCC2EA50FDF}.Debug|Any CPU.Build.0 = Debug|Any CPU
		{B069B3BD-F6BC-CC40-82AB-3FCC2EA50FDF}.Debug|Any CPU.Deploy.0 = Debug|Any CPU
		{B069B3BD-F6BC-CC40-82AB-3FCC2EA50FDF}.Release|Any CPU.ActiveCfg = Release|Any CPU
		{B069B3BD-F6BC-CC40-82AB-3FCC2EA50FDF}.Release|Any CPU.Build.0 = Release|Any CPU
		{B069B3BD-F6BC-CC40-82AB-3FCC2EA50FDF}.Release|Any CPU.Deploy.0 = Release|Any CPU
	EndGlobalSection
	GlobalSection(SolutionProperties) = preSolution
		HideSolutionNode = FALSE
	EndGlobalSection
	GlobalSection(ExtensibilityGlobals) = postSolution
		SolutionGuid = {C4A57F41-750A-466B-B5FB-5C1C661ECC0D}
	EndGlobalSection
EndGlobal
