
Microsoft Visual Studio Solution File, Format Version 12.00
# Visual Studio Version 17
VisualStudioVersion = 17.5.002.0
MinimumVisualStudioVersion = 10.0.40219.1
Project("{9A19103F-16F7-4668-BE54-9A1E7A4F7556}") = "msgcard-actest", "msgcard-actest.csproj", "{9C656881-5737-4812-B703-2FA9AA3B99C6}"
EndProject
Global
	GlobalSection(SolutionConfigurationPlatforms) = preSolution
		Debug|Any CPU = Debug|Any CPU
		Release|Any CPU = Release|Any CPU
	EndGlobalSection
	GlobalSection(ProjectConfigurationPlatforms) = postSolution
		{9C656881-5737-4812-B703-2FA9AA3B99C6}.Debug|Any CPU.ActiveCfg = Debug|Any CPU
		{9C656881-5737-4812-B703-2FA9AA3B99C6}.Debug|Any CPU.Build.0 = Debug|Any CPU
		{9C656881-5737-4812-B703-2FA9AA3B99C6}.Release|Any CPU.ActiveCfg = Release|Any CPU
		{9C656881-5737-4812-B703-2FA9AA3B99C6}.Release|Any CPU.Build.0 = Release|Any CPU
	EndGlobalSection
	GlobalSection(SolutionProperties) = preSolution
		HideSolutionNode = FALSE
	EndGlobalSection
	GlobalSection(ExtensibilityGlobals) = postSolution
		SolutionGuid = {42F80D4D-928D-4588-94DA-E74F4CC16D1B}
	EndGlobalSection
EndGlobal
