
Microsoft Visual Studio Solution File, Format Version 12.00
# Visual Studio Version 17
VisualStudioVersion = 17.13.35617.110
MinimumVisualStudioVersion = 10.0.40219.1
Project("{FAE04EC0-301F-11D3-BF4B-00C04F79EFBC}") = "TeamsFileUpload", "TeamsFileUpload\TeamsFileUpload.csproj", "{BABDB690-2880-A864-65A1-5034C37CE0A8}"
EndProject
Project("{A9E3F50B-275E-4AF7-ADCE-8BE12D41E305}") = "TeamsApp", "TeamsApp\TeamsApp.ttkproj", "{C7FD0E24-2254-4184-BF12-6C75D2752F28}"
EndProject
Global
	GlobalSection(SolutionConfigurationPlatforms) = preSolution
		Debug|Any CPU = Debug|Any CPU
		Release|Any CPU = Release|Any CPU
	EndGlobalSection
	GlobalSection(ProjectConfigurationPlatforms) = postSolution
		{BABDB690-2880-A864-65A1-5034C37CE0A8}.Debug|Any CPU.ActiveCfg = Debug|Any CPU
		{BABDB690-2880-A864-65A1-5034C37CE0A8}.Debug|Any CPU.Build.0 = Debug|Any CPU
		{BABDB690-2880-A864-65A1-5034C37CE0A8}.Debug|Any CPU.Deploy.0 = Debug|Any CPU
		{BABDB690-2880-A864-65A1-5034C37CE0A8}.Release|Any CPU.ActiveCfg = Release|Any CPU
		{BABDB690-2880-A864-65A1-5034C37CE0A8}.Release|Any CPU.Build.0 = Release|Any CPU
		{BABDB690-2880-A864-65A1-5034C37CE0A8}.Release|Any CPU.Deploy.0 = Release|Any CPU
		{C7FD0E24-2254-4184-BF12-6C75D2752F28}.Debug|Any CPU.ActiveCfg = Debug|Any CPU
		{C7FD0E24-2254-4184-BF12-6C75D2752F28}.Debug|Any CPU.Build.0 = Debug|Any CPU
		{C7FD0E24-2254-4184-BF12-6C75D2752F28}.Release|Any CPU.ActiveCfg = Release|Any CPU
		{C7FD0E24-2254-4184-BF12-6C75D2752F28}.Release|Any CPU.Build.0 = Release|Any CPU
	EndGlobalSection
	GlobalSection(SolutionProperties) = preSolution
		HideSolutionNode = FALSE
	EndGlobalSection
	GlobalSection(ExtensibilityGlobals) = postSolution
		SolutionGuid = {AA59FF1C-9748-4484-B71F-14E92D37F36F}
	EndGlobalSection
EndGlobal
