
Microsoft Visual Studio Solution File, Format Version 12.00
# Visual Studio Version 17
VisualStudioVersion = 17.10.34814.14
MinimumVisualStudioVersion = 10.0.40219.1
Project("{9A19103F-16F7-4668-BE54-9A1E7A4F7556}") = "BotDailyTaskReminder", "BotDailyTaskReminder\BotDailyTaskReminder.csproj", "{BFDF6B3D-BB62-42DD-88EF-528FFE9FCBAD}"
EndProject
Project("{A9E3F50B-275E-4AF7-ADCE-8BE12D41E305}") = "TeamsApp", "TeamsApp\TeamsApp.ttkproj", "{01E9AC3F-43C7-46DA-89BB-7E70F4B08B5C}"
EndProject
Project("{2150E333-8FDC-42A3-9474-1A3956D46DE8}") = "Solution Items", "Solution Items", "{9268A822-4DDA-4A0B-A2EB-E3551E6CE680}"
	ProjectSection(SolutionItems) = preProject
		BotDailyTaskReminder.slnLaunch.user = BotDailyTaskReminder.slnLaunch.user
	EndProjectSection
EndProject
Global
	GlobalSection(SolutionConfigurationPlatforms) = preSolution
		Debug|Any CPU = Debug|Any CPU
		Release|Any CPU = Release|Any CPU
	EndGlobalSection
	GlobalSection(ProjectConfigurationPlatforms) = postSolution
		{BFDF6B3D-BB62-42DD-88EF-528FFE9FCBAD}.Debug|Any CPU.ActiveCfg = Debug|Any CPU
		{BFDF6B3D-BB62-42DD-88EF-528FFE9FCBAD}.Debug|Any CPU.Build.0 = Debug|Any CPU
		{BFDF6B3D-BB62-42DD-88EF-528FFE9FCBAD}.Release|Any CPU.ActiveCfg = Release|Any CPU
		{BFDF6B3D-BB62-42DD-88EF-528FFE9FCBAD}.Release|Any CPU.Build.0 = Release|Any CPU
		{01E9AC3F-43C7-46DA-89BB-7E70F4B08B5C}.Debug|Any CPU.ActiveCfg = Debug|Any CPU
		{01E9AC3F-43C7-46DA-89BB-7E70F4B08B5C}.Debug|Any CPU.Build.0 = Debug|Any CPU
		{01E9AC3F-43C7-46DA-89BB-7E70F4B08B5C}.Release|Any CPU.ActiveCfg = Release|Any CPU
		{01E9AC3F-43C7-46DA-89BB-7E70F4B08B5C}.Release|Any CPU.Build.0 = Release|Any CPU
	EndGlobalSection
	GlobalSection(SolutionProperties) = preSolution
		HideSolutionNode = FALSE
	EndGlobalSection
	GlobalSection(ExtensibilityGlobals) = postSolution
		SolutionGuid = {8F7F570D-74C3-4CF3-AACD-361A3D3F8E37}
	EndGlobalSection
EndGlobal
