
Microsoft Visual Studio Solution File, Format Version 12.00
# Visual Studio Version 16
VisualStudioVersion = 16.0.30114.105
MinimumVisualStudioVersion = 10.0.40219.1
Project("{FAE04EC0-301F-11D3-BF4B-00C04F79EFBC}") = "AccountLinking.Service", "Source\AccountLinking.Service\AccountLinking.Service.csproj", "{78D1AB23-888A-4A78-B401-778F9354B292}"
EndProject
Global
	GlobalSection(SolutionConfigurationPlatforms) = preSolution
		Debug|Any CPU = Debug|Any CPU
		Release|Any CPU = Release|Any CPU
	EndGlobalSection
	GlobalSection(SolutionProperties) = preSolution
		HideSolutionNode = FALSE
	EndGlobalSection
	GlobalSection(ProjectConfigurationPlatforms) = postSolution
		{78D1AB23-888A-4A78-B401-778F9354B292}.Debug|Any CPU.ActiveCfg = Debug|Any CPU
		{78D1AB23-888A-4A78-B401-778F9354B292}.Debug|Any CPU.Build.0 = Debug|Any CPU
		{78D1AB23-888A-4A78-B401-778F9354B292}.Release|Any CPU.ActiveCfg = Release|Any CPU
		{78D1AB23-888A-4A78-B401-778F9354B292}.Release|Any CPU.Build.0 = Release|Any CPU
	EndGlobalSection
	GlobalSection(NestedProjects) = preSolution
		{78D1AB23-888A-4A78-B401-778F9354B292} = {524CF55A-7A9B-4637-9BEB-84C3A40DE810}
	EndGlobalSection
EndGlobal
