
Microsoft Visual Studio Solution File, Format Version 12.00
# Visual Studio Version 16
VisualStudioVersion = 16.0.30114.105
MinimumVisualStudioVersion = 10.0.40219.1
Project("{9A19103F-16F7-4668-BE54-9A1E7A4F7556}") = "MeetingNotification", "MeetingNotification\MeetingNotification.csproj", "{22FC914C-9E44-4D7C-A8C6-45EE48960B6D}"
EndProject
Global
	GlobalSection(SolutionConfigurationPlatforms) = preSolution
		Debug|Any CPU = Debug|Any CPU
		Release|Any CPU = Release|Any CPU
	EndGlobalSection
	GlobalSection(ProjectConfigurationPlatforms) = postSolution
		{22FC914C-9E44-4D7C-A8C6-45EE48960B6D}.Debug|Any CPU.ActiveCfg = Debug|Any CPU
		{22FC914C-9E44-4D7C-A8C6-45EE48960B6D}.Debug|Any CPU.Build.0 = Debug|Any CPU
		{22FC914C-9E44-4D7C-A8C6-45EE48960B6D}.Release|Any CPU.ActiveCfg = Release|Any CPU
		{22FC914C-9E44-4D7C-A8C6-45EE48960B6D}.Release|Any CPU.Build.0 = Release|Any CPU
	EndGlobalSection
	GlobalSection(SolutionProperties) = preSolution
		HideSolutionNode = FALSE
	EndGlobalSection
	GlobalSection(ExtensibilityGlobals) = postSolution
		SolutionGuid = {C4A57F41-750A-466B-B5FB-5C1C661ECC0D}
	EndGlobalSection
EndGlobal

