
Microsoft Visual Studio Solution File, Format Version 12.00
# Visual Studio Version 16
VisualStudioVersion = 16.0.30503.244
MinimumVisualStudioVersion = 10.0.40219.1
Project("{FAE04EC0-301F-11D3-BF4B-00C04F79EFBC}") = "TeamsTabSSO", "TeamsTabSSO\TeamsTabSSO.csproj", "{DD8A1EAC-6947-423D-A135-8D6B22E7E857}"
EndProject
Global
	GlobalSection(SolutionConfigurationPlatforms) = preSolution
		Debug|Any CPU = Debug|Any CPU
		Release|Any CPU = Release|Any CPU
	EndGlobalSection
	GlobalSection(ProjectConfigurationPlatforms) = postSolution
		{DD8A1EAC-6947-423D-A135-8D6B22E7E857}.Debug|Any CPU.ActiveCfg = Debug|Any CPU
		{DD8A1EAC-6947-423D-A135-8D6B22E7E857}.Debug|Any CPU.Build.0 = Debug|Any CPU
		{DD8A1EAC-6947-423D-A135-8D6B22E7E857}.Release|Any CPU.ActiveCfg = Release|Any CPU
		{DD8A1EAC-6947-423D-A135-8D6B22E7E857}.Release|Any CPU.Build.0 = Release|Any CPU
	EndGlobalSection
	GlobalSection(SolutionProperties) = preSolution
		HideSolutionNode = FALSE
	EndGlobalSection
	GlobalSection(ExtensibilityGlobals) = postSolution
		SolutionGuid = {F99814E0-F3D5-4C00-8506-FE5FBA22BC84}
	EndGlobalSection
EndGlobal
