
Microsoft Visual Studio Solution File, Format Version 12.00
# Visual Studio Version 17
VisualStudioVersion = 17.0.31919.166
MinimumVisualStudioVersion = 10.0.40219.1
Project("{9A19103F-16F7-4668-BE54-9A1E7A4F7556}") = "Microsoft.Teams.Samples.UserSpecificViews", "Microsoft.Teams.Samples.UserSpecificViews\Microsoft.Teams.Samples.UserSpecificViews.csproj", "{F95E7387-E880-4A57-958F-30A719E6005A}"
EndProject
Project("{A9E3F50B-275E-4AF7-ADCE-8BE12D41E305}") = "TeamsApp", "TeamsApp\TeamsApp.ttkproj", "{2C181E51-47C5-4734-A9DB-7A32AE4C5501}"
EndProject
Global
	GlobalSection(SolutionConfigurationPlatforms) = preSolution
		Debug|Any CPU = Debug|Any CPU
		Release|Any CPU = Release|Any CPU
	EndGlobalSection
	GlobalSection(ProjectConfigurationPlatforms) = postSolution
		{F95E7387-E880-4A57-958F-30A719E6005A}.Debug|Any CPU.ActiveCfg = Debug|Any CPU
		{F95E7387-E880-4A57-958F-30A719E6005A}.Debug|Any CPU.Build.0 = Debug|Any CPU
		{F95E7387-E880-4A57-958F-30A719E6005A}.Release|Any CPU.ActiveCfg = Release|Any CPU
		{F95E7387-E880-4A57-958F-30A719E6005A}.Release|Any CPU.Build.0 = Release|Any CPU
		{2C181E51-47C5-4734-A9DB-7A32AE4C5501}.Debug|Any CPU.ActiveCfg = Debug|Any CPU
		{2C181E51-47C5-4734-A9DB-7A32AE4C5501}.Debug|Any CPU.Build.0 = Debug|Any CPU
		{2C181E51-47C5-4734-A9DB-7A32AE4C5501}.Release|Any CPU.ActiveCfg = Release|Any CPU
		{2C181E51-47C5-4734-A9DB-7A32AE4C5501}.Release|Any CPU.Build.0 = Release|Any CPU
	EndGlobalSection
	GlobalSection(SolutionProperties) = preSolution
		HideSolutionNode = FALSE
	EndGlobalSection
	GlobalSection(ExtensibilityGlobals) = postSolution
		SolutionGuid = {86ED68CF-E7DF-4825-9AB7-963EBB3F9730}
	EndGlobalSection
EndGlobal
