
Microsoft Visual Studio Solution File, Format Version 12.00
# Visual Studio Version 16
VisualStudioVersion = 16.0.32126.315
MinimumVisualStudioVersion = 10.0.40219.1
Project("{FAE04EC0-301F-11D3-BF4B-00C04F79EFBC}") = "MSGraphSearchSample", "MSGraphSearchSample.csproj", "{B6F2F7C8-B87E-44F3-AF9F-BB471EC84563}"
EndProject
Global
	GlobalSection(SolutionConfigurationPlatforms) = preSolution
		Debug|Any CPU = Debug|Any CPU
		Release|Any CPU = Release|Any CPU
	EndGlobalSection
	GlobalSection(ProjectConfigurationPlatforms) = postSolution
		{B6F2F7C8-B87E-44F3-AF9F-BB471EC84563}.Debug|Any CPU.ActiveCfg = Debug|Any CPU
		{B6F2F7C8-B87E-44F3-AF9F-BB471EC84563}.Debug|Any CPU.Build.0 = Debug|Any CPU
		{B6F2F7C8-B87E-44F3-AF9F-BB471EC84563}.Release|Any CPU.ActiveCfg = Release|Any CPU
		{B6F2F7C8-B87E-44F3-AF9F-BB471EC84563}.Release|Any CPU.Build.0 = Release|Any CPU
	EndGlobalSection
	GlobalSection(SolutionProperties) = preSolution
		HideSolutionNode = FALSE
	EndGlobalSection
	GlobalSection(ExtensibilityGlobals) = postSolution
		SolutionGuid = {3C81C661-E3D7-4506-A333-7EA3C679E7A4}
	EndGlobalSection
EndGlobal
