
Microsoft Visual Studio Solution File, Format Version 12.00
# Visual Studio Version 16
VisualStudioVersion = 16.0.30804.86
MinimumVisualStudioVersion = 10.0.40219.1
Project("{9A19103F-16F7-4668-BE54-9A1E7A4F7556}") = "RSCDemo", "RSCDemo\RSCDemo.csproj", "{7A5232FE-4962-4BCA-B82C-38180046DDC4}"
EndProject
Global
	GlobalSection(SolutionConfigurationPlatforms) = preSolution
		Debug|Any CPU = Debug|Any CPU
		Release|Any CPU = Release|Any CPU
	EndGlobalSection
	GlobalSection(ProjectConfigurationPlatforms) = postSolution
		{7A5232FE-4962-4BCA-B82C-38180046DDC4}.Debug|Any CPU.ActiveCfg = Debug|Any CPU
		{7A5232FE-4962-4BCA-B82C-38180046DDC4}.Debug|Any CPU.Build.0 = Debug|Any CPU
		{7A5232FE-4962-4BCA-B82C-38180046DDC4}.Release|Any CPU.ActiveCfg = Release|Any CPU
		{7A5232FE-4962-4BCA-B82C-38180046DDC4}.Release|Any CPU.Build.0 = Release|Any CPU
	EndGlobalSection
	GlobalSection(SolutionProperties) = preSolution
		HideSolutionNode = FALSE
	EndGlobalSection
	GlobalSection(ExtensibilityGlobals) = postSolution
		SolutionGuid = {257D8D46-E41C-4BCD-91DD-AFB5AB3968A7}
	EndGlobalSection
EndGlobal
