
Microsoft Visual Studio Solution File, Format Version 12.00
# Visual Studio Version 17
VisualStudioVersion = 17.12.35209.166
MinimumVisualStudioVersion = 10.0.40219.1
Project("{9A19103F-16F7-4668-BE54-9A1E7A4F7556}") = "TokenApp", "TokenApp.csproj", "{4F433D57-0BC1-4CF6-9455-14B14475333E}"
EndProject
Project("{A9E3F50B-275E-4AF7-ADCE-8BE12D41E305}") = "M365Agent", "M365Agent\M365Agent.ttkproj", "{8B2C4F7C-2EF4-441B-9DF8-A28C2FC1F566}"
EndProject
Project("{2150E333-8FDC-42A3-9474-1A3956D46DE8}") = "Solution Items", "Solution Items", "{155F0790-222C-4998-9EF9-7FFA8494E7C0}"
	ProjectSection(SolutionItems) = preProject
		TokenApp.slnLaunch.user = TokenApp.slnLaunch.user
	EndProjectSection
EndProject
Global
	GlobalSection(SolutionConfigurationPlatforms) = preSolution
		Debug|Any CPU = Debug|Any CPU
		Release|Any CPU = Release|Any CPU
	EndGlobalSection
	GlobalSection(ProjectConfigurationPlatforms) = postSolution
		{4F433D57-0BC1-4CF6-9455-14B14475333E}.Debug|Any CPU.ActiveCfg = Debug|Any CPU
		{4F433D57-0BC1-4CF6-9455-14B14475333E}.Debug|Any CPU.Build.0 = Debug|Any CPU
		{4F433D57-0BC1-4CF6-9455-14B14475333E}.Release|Any CPU.ActiveCfg = Release|Any CPU
		{4F433D57-0BC1-4CF6-9455-14B14475333E}.Release|Any CPU.Build.0 = Release|Any CPU
		{8B2C4F7C-2EF4-441B-9DF8-A28C2FC1F566}.Debug|Any CPU.ActiveCfg = Debug|Any CPU
		{8B2C4F7C-2EF4-441B-9DF8-A28C2FC1F566}.Debug|Any CPU.Build.0 = Debug|Any CPU
		{8B2C4F7C-2EF4-441B-9DF8-A28C2FC1F566}.Debug|Any CPU.Deploy.0 = Debug|Any CPU
		{8B2C4F7C-2EF4-441B-9DF8-A28C2FC1F566}.Release|Any CPU.ActiveCfg = Release|Any CPU
		{8B2C4F7C-2EF4-441B-9DF8-A28C2FC1F566}.Release|Any CPU.Build.0 = Release|Any CPU
	EndGlobalSection
	GlobalSection(SolutionProperties) = preSolution
		HideSolutionNode = FALSE
	EndGlobalSection
	GlobalSection(ExtensibilityGlobals) = postSolution
		SolutionGuid = {0EC9E10B-FD75-4C20-93AB-A3D7AF24725C}
	EndGlobalSection
EndGlobal
