
Microsoft Visual Studio Solution File, Format Version 12.00
# Visual Studio Version 16
VisualStudioVersion = 16.0.30114.105
MinimumVisualStudioVersion = 10.0.40219.1
Project("{FAE04EC0-301F-11D3-BF4B-00C04F79EFBC}") = "Microsoft.Teams.Samples.AccountLinking.SampleClient", "Source\Microsoft.Teams.Samples.AccountLinking.Sample.csproj", "{A3E9437F-0A2D-46FD-AFA8-62F518278BDA}"
EndProject
Global
	GlobalSection(SolutionConfigurationPlatforms) = preSolution
		Debug|Any CPU = Debug|Any CPU
		Release|Any CPU = Release|Any CPU
	EndGlobalSection
	GlobalSection(SolutionProperties) = preSolution
		HideSolutionNode = FALSE
	EndGlobalSection
	GlobalSection(ProjectConfigurationPlatforms) = postSolution
		{A3E9437F-0A2D-46FD-AFA8-62F518278BDA}.Debug|Any CPU.ActiveCfg = Debug|Any CPU
		{A3E9437F-0A2D-46FD-AFA8-62F518278BDA}.Debug|Any CPU.Build.0 = Debug|Any CPU
		{A3E9437F-0A2D-46FD-AFA8-62F518278BDA}.Release|Any CPU.ActiveCfg = Release|Any CPU
		{A3E9437F-0A2D-46FD-AFA8-62F518278BDA}.Release|Any CPU.Build.0 = Release|Any CPU
	EndGlobalSection
EndGlobal
